
Microsoft Visual Studio Solution File, Format Version 12.00
# Visual Studio Version 16
VisualStudioVersion = 16.0.31624.102
MinimumVisualStudioVersion = 10.0.40219.1
Project("{2150E333-8FDC-42A3-9474-1A3956D46DE8}") = "Services", "Services", "{2BD1BE70-16F1-4612-86E2-FB6E9412FA29}"
EndProject
Project("{2150E333-8FDC-42A3-9474-1A3956D46DE8}") = "Catalog", "Catalog", "{E5B32F6A-BEC9-4923-ACF9-04708C6414C9}"
EndProject
Project("{9A19103F-16F7-4668-BE54-9A1E7A4F7556}") = "Catalog.API", "Services\Catalog\Catalog.API\Catalog.API.csproj", "{72843A1F-41D9-4159-830B-65109369971C}"
EndProject
Project("{E53339B2-1760-4266-BCC7-CA923CBCF16C}") = "docker-compose", "docker-compose.dcproj", "{04FD056C-003F-4EE0-A1DF-2CD55DE75BEE}"
EndProject
Project("{2150E333-8FDC-42A3-9474-1A3956D46DE8}") = "Basket", "Basket", "{41C5BCE3-A39C-43EC-BECD-5DBDE4432475}"
EndProject
Project("{9A19103F-16F7-4668-BE54-9A1E7A4F7556}") = "Basket.API", "Services\Basket\Basket.API\Basket.API.csproj", "{754D2B5B-D7AA-4E02-B5B7-A377AAA54929}"
EndProject
Project("{2150E333-8FDC-42A3-9474-1A3956D46DE8}") = "Discount", "Discount", "{5A8A9058-F8C7-418F-AE35-7845EC0647DF}"
EndProject
Project("{9A19103F-16F7-4668-BE54-9A1E7A4F7556}") = "Discount.API", "Services\Discount\Discount.API\Discount.API.csproj", "{494C41BB-F295-44F0-B532-0B57EA0451EA}"
EndProject
Project("{9A19103F-16F7-4668-BE54-9A1E7A4F7556}") = "Discount.Grpc", "Services\Discount\Discount.Grpc\Discount.Grpc.csproj", "{C05676F7-A815-4E5F-A61B-9686E4325820}"
EndProject
Project("{2150E333-8FDC-42A3-9474-1A3956D46DE8}") = "Ordering", "Ordering", "{B1488EC7-C851-4971-ABFF-D9574DB4447A}"
EndProject
Project("{9A19103F-16F7-4668-BE54-9A1E7A4F7556}") = "Ordering.API", "Services\Ordering\Ordering.API\Ordering.API.csproj", "{8059C855-96F7-4CAD-A4D4-FEAE2FD1C993}"
EndProject
Project("{9A19103F-16F7-4668-BE54-9A1E7A4F7556}") = "Ordering.Domain", "Services\Ordering\Ordering.Domain\Ordering.Domain.csproj", "{1108E2C7-DD15-4666-BF62-D20F6E518F37}"
EndProject
Project("{9A19103F-16F7-4668-BE54-9A1E7A4F7556}") = "Ordering.Application", "Services\Ordering\Ordering.Application\Ordering.Application.csproj", "{3E54F1B3-DE9A-4CB4-B915-841B035304CF}"
EndProject
Project("{9A19103F-16F7-4668-BE54-9A1E7A4F7556}") = "Ordering.Infrastructure", "Services\Ordering\Ordering.Infrastructure\Ordering.Infrastructure.csproj", "{681505B4-37F6-45E9-9000-2A0B3179DABA}"
EndProject
Project("{2150E333-8FDC-42A3-9474-1A3956D46DE8}") = "BuildingBlocks", "BuildingBlocks", "{CAB2E1E1-FB8F-4A5B-827C-9D30FC67B9D4}"
EndProject
Project("{9A19103F-16F7-4668-BE54-9A1E7A4F7556}") = "EventBus.Messages", "BuildingBlocks\EventBus.Messages\EventBus.Messages.csproj", "{AC57C866-AE6A-4A7E-963C-1E7820362E60}"
EndProject
Project("{2150E333-8FDC-42A3-9474-1A3956D46DE8}") = "ApiGateways", "ApiGateways", "{7AE2DA07-090C-42DC-B1C8-3D87BF6D3492}"
EndProject
Project("{9A19103F-16F7-4668-BE54-9A1E7A4F7556}") = "OcelotApiGw", "ApiGateways\OcelotApiGw\OcelotApiGw.csproj", "{9F6C2834-56DD-4414-9600-B3D52795A1F5}"
EndProject
Project("{FAE04EC0-301F-11D3-BF4B-00C04F79EFBC}") = "Shopping.Aggregator", "ApiGateways\Shopping.Aggregator\Shopping.Aggregator.csproj", "{0536BE3A-145F-45B6-B2C9-7986FB5266C3}"
EndProject
Global
	GlobalSection(SolutionConfigurationPlatforms) = preSolution
		Debug|Any CPU = Debug|Any CPU
		Release|Any CPU = Release|Any CPU
	EndGlobalSection
	GlobalSection(ProjectConfigurationPlatforms) = postSolution
		{72843A1F-41D9-4159-830B-65109369971C}.Debug|Any CPU.ActiveCfg = Debug|Any CPU
		{72843A1F-41D9-4159-830B-65109369971C}.Debug|Any CPU.Build.0 = Debug|Any CPU
		{72843A1F-41D9-4159-830B-65109369971C}.Release|Any CPU.ActiveCfg = Release|Any CPU
		{72843A1F-41D9-4159-830B-65109369971C}.Release|Any CPU.Build.0 = Release|Any CPU
		{04FD056C-003F-4EE0-A1DF-2CD55DE75BEE}.Debug|Any CPU.ActiveCfg = Debug|Any CPU
		{04FD056C-003F-4EE0-A1DF-2CD55DE75BEE}.Debug|Any CPU.Build.0 = Debug|Any CPU
		{04FD056C-003F-4EE0-A1DF-2CD55DE75BEE}.Release|Any CPU.ActiveCfg = Release|Any CPU
		{04FD056C-003F-4EE0-A1DF-2CD55DE75BEE}.Release|Any CPU.Build.0 = Release|Any CPU
		{754D2B5B-D7AA-4E02-B5B7-A377AAA54929}.Debug|Any CPU.ActiveCfg = Debug|Any CPU
		{754D2B5B-D7AA-4E02-B5B7-A377AAA54929}.Debug|Any CPU.Build.0 = Debug|Any CPU
		{754D2B5B-D7AA-4E02-B5B7-A377AAA54929}.Release|Any CPU.ActiveCfg = Release|Any CPU
		{754D2B5B-D7AA-4E02-B5B7-A377AAA54929}.Release|Any CPU.Build.0 = Release|Any CPU
		{494C41BB-F295-44F0-B532-0B57EA0451EA}.Debug|Any CPU.ActiveCfg = Debug|Any CPU
		{494C41BB-F295-44F0-B532-0B57EA0451EA}.Debug|Any CPU.Build.0 = Debug|Any CPU
		{494C41BB-F295-44F0-B532-0B57EA0451EA}.Release|Any CPU.ActiveCfg = Release|Any CPU
		{494C41BB-F295-44F0-B532-0B57EA0451EA}.Release|Any CPU.Build.0 = Release|Any CPU
		{C05676F7-A815-4E5F-A61B-9686E4325820}.Debug|Any CPU.ActiveCfg = Debug|Any CPU
		{C05676F7-A815-4E5F-A61B-9686E4325820}.Debug|Any CPU.Build.0 = Debug|Any CPU
		{C05676F7-A815-4E5F-A61B-9686E4325820}.Release|Any CPU.ActiveCfg = Release|Any CPU
		{C05676F7-A815-4E5F-A61B-9686E4325820}.Release|Any CPU.Build.0 = Release|Any CPU
		{8059C855-96F7-4CAD-A4D4-FEAE2FD1C993}.Debug|Any CPU.ActiveCfg = Debug|Any CPU
		{8059C855-96F7-4CAD-A4D4-FEAE2FD1C993}.Debug|Any CPU.Build.0 = Debug|Any CPU
		{8059C855-96F7-4CAD-A4D4-FEAE2FD1C993}.Release|Any CPU.ActiveCfg = Release|Any CPU
		{8059C855-96F7-4CAD-A4D4-FEAE2FD1C993}.Release|Any CPU.Build.0 = Release|Any CPU
		{1108E2C7-DD15-4666-BF62-D20F6E518F37}.Debug|Any CPU.ActiveCfg = Debug|Any CPU
		{1108E2C7-DD15-4666-BF62-D20F6E518F37}.Debug|Any CPU.Build.0 = Debug|Any CPU
		{1108E2C7-DD15-4666-BF62-D20F6E518F37}.Release|Any CPU.ActiveCfg = Release|Any CPU
		{1108E2C7-DD15-4666-BF62-D20F6E518F37}.Release|Any CPU.Build.0 = Release|Any CPU
		{3E54F1B3-DE9A-4CB4-B915-841B035304CF}.Debug|Any CPU.ActiveCfg = Debug|Any CPU
		{3E54F1B3-DE9A-4CB4-B915-841B035304CF}.Debug|Any CPU.Build.0 = Debug|Any CPU
		{3E54F1B3-DE9A-4CB4-B915-841B035304CF}.Release|Any CPU.ActiveCfg = Release|Any CPU
		{3E54F1B3-DE9A-4CB4-B915-841B035304CF}.Release|Any CPU.Build.0 = Release|Any CPU
		{681505B4-37F6-45E9-9000-2A0B3179DABA}.Debug|Any CPU.ActiveCfg = Debug|Any CPU
		{681505B4-37F6-45E9-9000-2A0B3179DABA}.Debug|Any CPU.Build.0 = Debug|Any CPU
		{681505B4-37F6-45E9-9000-2A0B3179DABA}.Release|Any CPU.ActiveCfg = Release|Any CPU
		{681505B4-37F6-45E9-9000-2A0B3179DABA}.Release|Any CPU.Build.0 = Release|Any CPU
		{AC57C866-AE6A-4A7E-963C-1E7820362E60}.Debug|Any CPU.ActiveCfg = Debug|Any CPU
		{AC57C866-AE6A-4A7E-963C-1E7820362E60}.Debug|Any CPU.Build.0 = Debug|Any CPU
		{AC57C866-AE6A-4A7E-963C-1E7820362E60}.Release|Any CPU.ActiveCfg = Release|Any CPU
		{AC57C866-AE6A-4A7E-963C-1E7820362E60}.Release|Any CPU.Build.0 = Release|Any CPU
		{9F6C2834-56DD-4414-9600-B3D52795A1F5}.Debug|Any CPU.ActiveCfg = Debug|Any CPU
		{9F6C2834-56DD-4414-9600-B3D52795A1F5}.Debug|Any CPU.Build.0 = Debug|Any CPU
		{9F6C2834-56DD-4414-9600-B3D52795A1F5}.Release|Any CPU.ActiveCfg = Release|Any CPU
		{9F6C2834-56DD-4414-9600-B3D52795A1F5}.Release|Any CPU.Build.0 = Release|Any CPU
		{0536BE3A-145F-45B6-B2C9-7986FB5266C3}.Debug|Any CPU.ActiveCfg = Debug|Any CPU
		{0536BE3A-145F-45B6-B2C9-7986FB5266C3}.Debug|Any CPU.Build.0 = Debug|Any CPU
		{0536BE3A-145F-45B6-B2C9-7986FB5266C3}.Release|Any CPU.ActiveCfg = Release|Any CPU
		{0536BE3A-145F-45B6-B2C9-7986FB5266C3}.Release|Any CPU.Build.0 = Release|Any CPU
	EndGlobalSection
	GlobalSection(SolutionProperties) = preSolution
		HideSolutionNode = FALSE
	EndGlobalSection
	GlobalSection(NestedProjects) = preSolution
		{E5B32F6A-BEC9-4923-ACF9-04708C6414C9} = {2BD1BE70-16F1-4612-86E2-FB6E9412FA29}
		{72843A1F-41D9-4159-830B-65109369971C} = {E5B32F6A-BEC9-4923-ACF9-04708C6414C9}
		{41C5BCE3-A39C-43EC-BECD-5DBDE4432475} = {2BD1BE70-16F1-4612-86E2-FB6E9412FA29}
		{754D2B5B-D7AA-4E02-B5B7-A377AAA54929} = {41C5BCE3-A39C-43EC-BECD-5DBDE4432475}
		{5A8A9058-F8C7-418F-AE35-7845EC0647DF} = {2BD1BE70-16F1-4612-86E2-FB6E9412FA29}
		{494C41BB-F295-44F0-B532-0B57EA0451EA} = {5A8A9058-F8C7-418F-AE35-7845EC0647DF}
		{C05676F7-A815-4E5F-A61B-9686E4325820} = {5A8A9058-F8C7-418F-AE35-7845EC0647DF}
		{B1488EC7-C851-4971-ABFF-D9574DB4447A} = {2BD1BE70-16F1-4612-86E2-FB6E9412FA29}
		{8059C855-96F7-4CAD-A4D4-FEAE2FD1C993} = {B1488EC7-C851-4971-ABFF-D9574DB4447A}
		{1108E2C7-DD15-4666-BF62-D20F6E518F37} = {B1488EC7-C851-4971-ABFF-D9574DB4447A}
		{3E54F1B3-DE9A-4CB4-B915-841B035304CF} = {B1488EC7-C851-4971-ABFF-D9574DB4447A}
		{681505B4-37F6-45E9-9000-2A0B3179DABA} = {B1488EC7-C851-4971-ABFF-D9574DB4447A}
		{AC57C866-AE6A-4A7E-963C-1E7820362E60} = {CAB2E1E1-FB8F-4A5B-827C-9D30FC67B9D4}
		{9F6C2834-56DD-4414-9600-B3D52795A1F5} = {7AE2DA07-090C-42DC-B1C8-3D87BF6D3492}
		{0536BE3A-145F-45B6-B2C9-7986FB5266C3} = {7AE2DA07-090C-42DC-B1C8-3D87BF6D3492}
	EndGlobalSection
	GlobalSection(ExtensibilityGlobals) = postSolution
		SolutionGuid = {A0954CCB-3CBF-430E-92AE-22EC37D00136}
	EndGlobalSection
EndGlobal
